Microsoft Visual Studio Solution File, Format Version 10.00
# Visual C++ Express 2008
Project("{8BC9CEB8-8B4A-11D0-8D11-00A0C91BC942}") = "ParticleUniverseEditor", "ParticleUniverseEditor.vcproj", "{FF8F8F25-8F9F-4A23-9E59-3875EBE7F1F4}"
EndProject
Global
	GlobalSection(SolutionConfigurationPlatforms) = preSolution
		Debug|Win32 = Debug|Win32
		Release|Win32 = Release|Win32
	EndGlobalSection
	GlobalSection(ProjectConfigurationPlatforms) = postSolution
		{FF8F8F25-8F9F-4A23-9E59-3875EBE7F1F4}.Debug|Win32.ActiveCfg = Debug|Win32
		{FF8F8F25-8F9F-4A23-9E59-3875EBE7F1F4}.Debug|Win32.Build.0 = Debug|Win32
		{FF8F8F25-8F9F-4A23-9E59-3875EBE7F1F4}.Release|Win32.ActiveCfg = Release|Win32
		{FF8F8F25-8F9F-4A23-9E59-3875EBE7F1F4}.Release|Win32.Build.0 = Release|Win32
	EndGlobalSection
	GlobalSection(SolutionProperties) = preSolution
		HideSolutionNode = FALSE
	EndGlobalSection
EndGlobal
